
Microsoft Visual Studio Solution File, Format Version 12.00
# Visual Studio Version 16
VisualStudioVersion = 16.0.30204.135
MinimumVisualStudioVersion = 10.0.40219.1
Project("{FAE04EC0-301F-11D3-BF4B-00C04F79EFBC}") = "TimeWarp", "TimeWarp\TimeWarp.csproj", "{91CE45E8-4A56-47D7-8858-C499C47FB9EC}"
EndProject
Global
	GlobalSection(SolutionConfigurationPlatforms) = preSolution
		Debug|Any CPU = Debug|Any CPU
		Release|Any CPU = Release|Any CPU
	EndGlobalSection
	GlobalSection(ProjectConfigurationPlatforms) = postSolution
		{91CE45E8-4A56-47D7-8858-C499C47FB9EC}.Debug|Any CPU.ActiveCfg = Debug|Any CPU
		{91CE45E8-4A56-47D7-8858-C499C47FB9EC}.Debug|Any CPU.Build.0 = Debug|Any CPU
		{91CE45E8-4A56-47D7-8858-C499C47FB9EC}.Release|Any CPU.ActiveCfg = Release|Any CPU
		{91CE45E8-4A56-47D7-8858-C499C47FB9EC}.Release|Any CPU.Build.0 = Release|Any CPU
	EndGlobalSection
	GlobalSection(SolutionProperties) = preSolution
		HideSolutionNode = FALSE
	EndGlobalSection
	GlobalSection(ExtensibilityGlobals) = postSolution
		SolutionGuid = {95D2C932-C382-4AFC-BB66-6779ACC0A0A4}
	EndGlobalSection
EndGlobal
